// !$*UTF8*$!
{
	archiveVersion = 1;
	classes = {
	};
	objectVersion = 56;
	objects = {

/* Begin PBXBuildFile section */
		F57ADD1B2BA50FBD00368F3B /* ContactListApp.swift in Sources */ = {isa = PBXBuildFile; fileRef = F57ADD1A2BA50FBD00368F3B /* ContactListApp.swift */; };
		F57ADD1D2BA50FBD00368F3B /* ContentView.swift in Sources */ = {isa = PBXBuildFile; fileRef = F57ADD1C2BA50FBD00368F3B /* ContentView.swift */; };
		F57ADD1F2BA50FBF00368F3B /* Assets.xcassets in Resources */ = {isa = PBXBuildFile; fileRef = F57ADD1E2BA50FBF00368F3B /* Assets.xcassets */; };
		F57ADD222BA50FBF00368F3B /* Preview Assets.xcassets in Resources */ = {isa = PBXBuildFile; fileRef = F57ADD212BA50FBF00368F3B /* Preview Assets.xcassets */; };
		F57ADD292BA5108300368F3B /* ContactsListViewModel.swift in Sources */ = {isa = PBXBuildFile; fileRef = F57ADD282BA5108300368F3B /* ContactsListViewModel.swift */; };
		F57ADD2B2BA510C400368F3B /* ContactStore.swift in Sources */ = {isa = PBXBuildFile; fileRef = F57ADD2A2BA510C400368F3B /* ContactStore.swift */; };
		F57ADD2D2BA5111D00368F3B /* Contact.swift in Sources */ = {isa = PBXBuildFile; fileRef = F57ADD2C2BA5111D00368F3B /* Contact.swift */; };
		F57ADD2F2BA5113C00368F3B /* ContactDetail.swift in Sources */ = {isa = PBXBuildFile; fileRef = F57ADD2E2BA5113C00368F3B /* ContactDetail.swift */; };
		F57ADD312BA5115C00368F3B /* ContactRowView.swift in Sources */ = {isa = PBXBuildFile; fileRef = F57ADD302BA5115C00368F3B /* ContactRowView.swift */; };
		F57ADD332BA5157100368F3B /* ContactRow.swift in Sources */ = {isa = PBXBuildFile; fileRef = F57ADD322BA5157100368F3B /* ContactRow.swift */; };
/* End PBXBuildFile section */

/* Begin PBXFileReference section */
		F57ADD172BA50FBD00368F3B /* ContactList.app */ = {isa = PBXFileReference; explicitFileType = wrapper.application; includeInIndex = 0; path = ContactList.app; sourceTree = BUILT_PRODUCTS_DIR; };
		F57ADD1A2BA50FBD00368F3B /* ContactListApp.swift */ = {isa = PBXFileReference; lastKnownFileType = sourcecode.swift; path = ContactListApp.swift; sourceTree = "<group>"; };
		F57ADD1C2BA50FBD00368F3B /* ContentView.swift */ = {isa = PBXFileReference; lastKnownFileType = sourcecode.swift; path = ContentView.swift; sourceTree = "<group>"; };
		F57ADD1E2BA50FBF00368F3B /* Assets.xcassets */ = {isa = PBXFileReference; lastKnownFileType = folder.assetcatalog; path = Assets.xcassets; sourceTree = "<group>"; };
		F57ADD212BA50FBF00368F3B /* Preview Assets.xcassets */ = {isa = PBXFileReference; lastKnownFileType = folder.assetcatalog; path = "Preview Assets.xcassets"; sourceTree = "<group>"; };
		F57ADD282BA5108300368F3B /* ContactsListViewModel.swift */ = {isa = PBXFileReference; lastKnownFileType = sourcecode.swift; path = ContactsListViewModel.swift; sourceTree = "<group>"; };
		F57ADD2A2BA510C400368F3B /* ContactStore.swift */ = {isa = PBXFileReference; lastKnownFileType = sourcecode.swift; path = ContactStore.swift; sourceTree = "<group>"; };
		F57ADD2C2BA5111D00368F3B /* Contact.swift */ = {isa = PBXFileReference; lastKnownFileType = sourcecode.swift; path = Contact.swift; sourceTree = "<group>"; };
		F57ADD2E2BA5113C00368F3B /* ContactDetail.swift */ = {isa = PBXFileReference; lastKnownFileType = sourcecode.swift; path = ContactDetail.swift; sourceTree = "<group>"; };
		F57ADD302BA5115C00368F3B /* ContactRowView.swift */ = {isa = PBXFileReference; lastKnownFileType = sourcecode.swift; path = ContactRowView.swift; sourceTree = "<group>"; };
		F57ADD322BA5157100368F3B /* ContactRow.swift */ = {isa = PBXFileReference; lastKnownFileType = sourcecode.swift; path = ContactRow.swift; sourceTree = "<group>"; };
/* End PBXFileReference section */

/* Begin PBXFrameworksBuildPhase section */
		F57ADD142BA50FBD00368F3B /* Frameworks */ = {
			isa = PBXFrameworksBuildPhase;
			buildActionMask = 2147483647;
			files = (
			);
			runOnlyForDeploymentPostprocessing = 0;
		};
/* End PBXFrameworksBuildPhase section */

/* Begin PBXGroup section */
		F57ADD0E2BA50FBD00368F3B = {
			isa = PBXGroup;
			children = (
				F57ADD192BA50FBD00368F3B /* ContactList */,
				F57ADD182BA50FBD00368F3B /* Products */,
			);
			sourceTree = "<group>";
		};
		F57ADD182BA50FBD00368F3B /* Products */ = {
			isa = PBXGroup;
			children = (
				F57ADD172BA50FBD00368F3B /* ContactList.app */,
			);
			name = Products;
			sourceTree = "<group>";
		};
		F57ADD192BA50FBD00368F3B /* ContactList */ = {
			isa = PBXGroup;
			children = (
				F57ADD2C2BA5111D00368F3B /* Contact.swift */,
				F57ADD322BA5157100368F3B /* ContactRow.swift */,
				F57ADD302BA5115C00368F3B /* ContactRowView.swift */,
				F57ADD2E2BA5113C00368F3B /* ContactDetail.swift */,
				F57ADD282BA5108300368F3B /* ContactsListViewModel.swift */,
				F57ADD2A2BA510C400368F3B /* ContactStore.swift */,
				F57ADD1A2BA50FBD00368F3B /* ContactListApp.swift */,
				F57ADD1C2BA50FBD00368F3B /* ContentView.swift */,
				F57ADD1E2BA50FBF00368F3B /* Assets.xcassets */,
				F57ADD202BA50FBF00368F3B /* Preview Content */,
			);
			path = ContactList;
			sourceTree = "<group>";
		};
		F57ADD202BA50FBF00368F3B /* Preview Content */ = {
			isa = PBXGroup;
			children = (
				F57ADD212BA50FBF00368F3B /* Preview Assets.xcassets */,
			);
			path = "Preview Content";
			sourceTree = "<group>";
		};
/* End PBXGroup section */

/* Begin PBXNativeTarget section */
		F57ADD162BA50FBD00368F3B /* ContactList */ = {
			isa = PBXNativeTarget;
			buildConfigurationList = F57ADD252BA50FBF00368F3B /* Build configuration list for PBXNativeTarget "ContactList" */;
			buildPhases = (
				F57ADD132BA50FBD00368F3B /* Sources */,
				F57ADD142BA50FBD00368F3B /* Frameworks */,
				F57ADD152BA50FBD00368F3B /* Resources */,
			);
			buildRules = (
			);
			dependencies = (
			);
			name = ContactList;
			productName = ContactList;
			productReference = F57ADD172BA50FBD00368F3B /* ContactList.app */;
			productType = "com.apple.product-type.application";
		};
/* End PBXNativeTarget section */

/* Begin PBXProject section */
		F57ADD0F2BA50FBD00368F3B /* Project object */ = {
			isa = PBXProject;
			attributes = {
				BuildIndependentTargetsInParallel = 1;
				LastSwiftUpdateCheck = 1530;
				LastUpgradeCheck = 1530;
				TargetAttributes = {
					F57ADD162BA50FBD00368F3B = {
						CreatedOnToolsVersion = 15.3;
					};
				};
			};
			buildConfigurationList = F57ADD122BA50FBD00368F3B /* Build configuration list for PBXProject "ContactList" */;
			compatibilityVersion = "Xcode 14.0";
			developmentRegion = en;
			hasScannedForEncodings = 0;
			knownRegions = (
				en,
				Base,
			);
			mainGroup = F57ADD0E2BA50FBD00368F3B;
			productRefGroup = F57ADD182BA50FBD00368F3B /* Products */;
			projectDirPath = "";
			projectRoot = "";
			targets = (
				F57ADD162BA50FBD00368F3B /* ContactList */,
			);
		};
/* End PBXProject section */

/* Begin PBXResourcesBuildPhase section */
		F57ADD152BA50FBD00368F3B /* Resources */ = {
			isa = PBXResourcesBuildPhase;
			buildActionMask = 2147483647;
			files = (
				F57ADD222BA50FBF00368F3B /* Preview Assets.xcassets in Resources */,
				F57ADD1F2BA50FBF00368F3B /* Assets.xcassets in Resources */,
			);
			runOnlyForDeploymentPostprocessing = 0;
		};
/* End PBXResourcesBuildPhase section */

/* Begin PBXSourcesBuildPhase section */
		F57ADD132BA50FBD00368F3B /* Sources */ = {
			isa = PBXSourcesBuildPhase;
			buildActionMask = 2147483647;
			files = (
				F57ADD1D2BA50FBD00368F3B /* ContentView.swift in Sources */,
				F57ADD312BA5115C00368F3B /* ContactRowView.swift in Sources */,
				F57ADD2F2BA5113C00368F3B /* ContactDetail.swift in Sources */,
				F57ADD292BA5108300368F3B /* ContactsListViewModel.swift in Sources */,
				F57ADD2D2BA5111D00368F3B /* Contact.swift in Sources */,
				F57ADD2B2BA510C400368F3B /* ContactStore.swift in Sources */,
				F57ADD1B2BA50FBD00368F3B /* ContactListApp.swift in Sources */,
				F57ADD332BA5157100368F3B /* ContactRow.swift in Sources */,
			);
			runOnlyForDeploymentPostprocessing = 0;
		};
/* End PBXSourcesBuildPhase section */

/* Begin XCBuildConfiguration section */
		F57ADD232BA50FBF00368F3B /* Debug */ = {
			isa = XCBuildConfiguration;
			buildSettings = {
				ALWAYS_SEARCH_USER_PATHS = NO;
				ASSETCATALOG_COMPILER_GENERATE_SWIFT_ASSET_SYMBOL_EXTENSIONS = YES;
				CLANG_ANALYZER_NONNULL = YES;
				CLANG_ANALYZER_NUMBER_OBJECT_CONVERSION = YES_AGGRESSIVE;
				CLANG_CXX_LANGUAGE_STANDARD = "gnu++20";
				CLANG_ENABLE_MODULES = YES;
				CLANG_ENABLE_OBJC_ARC = YES;
				CLANG_ENABLE_OBJC_WEAK = YES;
				CLANG_WARN_BLOCK_CAPTURE_AUTORELEASING = YES;
				CLANG_WARN_BOOL_CONVERSION = YES;
				CLANG_WARN_COMMA = YES;
				CLANG_WARN_CONSTANT_CONVERSION = YES;
				CLANG_WARN_DEPRECATED_OBJC_IMPLEMENTATIONS = YES;
				CLANG_WARN_DIRECT_OBJC_ISA_USAGE = YES_ERROR;
				CLANG_WARN_DOCUMENTATION_COMMENTS = YES;
				CLANG_WARN_EMPTY_BODY = YES;
				CLANG_WARN_ENUM_CONVERSION = YES;
				CLANG_WARN_INFINITE_RECURSION = YES;
				CLANG_WARN_INT_CONVERSION = YES;
				CLANG_WARN_NON_LITERAL_NULL_CONVERSION = YES;
				CLANG_WARN_OBJC_IMPLICIT_RETAIN_SELF = YES;
				CLANG_WARN_OBJC_LITERAL_CONVERSION = YES;
				CLANG_WARN_OBJC_ROOT_CLASS = YES_ERROR;
				CLANG_WARN_QUOTED_INCLUDE_IN_FRAMEWORK_HEADER = YES;
				CLANG_WARN_RANGE_LOOP_ANALYSIS = YES;
				CLANG_WARN_STRICT_PROTOTYPES = YES;
				CLANG_WARN_SUSPICIOUS_MOVE = YES;
				CLANG_WARN_UNGUARDED_AVAILABILITY = YES_AGGRESSIVE;
				CLANG_WARN_UNREACHABLE_CODE = YES;
				CLANG_WARN__DUPLICATE_METHOD_MATCH = YES;
				COPY_PHASE_STRIP = NO;
				DEBUG_INFORMATION_FORMAT = dwarf;
				ENABLE_STRICT_OBJC_MSGSEND = YES;
				ENABLE_TESTABILITY = YES;
				ENABLE_USER_SCRIPT_SANDBOXING = YES;
				GCC_C_LANGUAGE_STANDARD = gnu17;
				GCC_DYNAMIC_NO_PIC = NO;
				GCC_NO_COMMON_BLOCKS = YES;
				GCC_OPTIMIZATION_LEVEL = 0;
				GCC_PREPROCESSOR_DEFINITIONS = (
					"DEBUG=1",
					"$(inherited)",
				);
				GCC_WARN_64_TO_32_BIT_CONVERSION = YES;
				GCC_WARN_ABOUT_RETURN_TYPE = YES_ERROR;
				GCC_WARN_UNDECLARED_SELECTOR = YES;
				GCC_WARN_UNINITIALIZED_AUTOS = YES_AGGRESSIVE;
				GCC_WARN_UNUSED_FUNCTION = YES;
				GCC_WARN_UNUSED_VARIABLE = YES;
				IPHONEOS_DEPLOYMENT_TARGET = 17.4;
				LOCALIZATION_PREFERS_STRING_CATALOGS = YES;
				MTL_ENABLE_DEBUG_INFO = INCLUDE_SOURCE;
				MTL_FAST_MATH = YES;
				ONLY_ACTIVE_ARCH = YES;
				SDKROOT = iphoneos;
				SWIFT_ACTIVE_COMPILATION_CONDITIONS = "DEBUG $(inherited)";
				SWIFT_OPTIMIZATION_LEVEL = "-Onone";
			};
			name = Debug;
		};
		F57ADD242BA50FBF00368F3B /* Release */ = {
			isa = XCBuildConfiguration;
			buildSettings = {
				ALWAYS_SEARCH_USER_PATHS = NO;
				ASSETCATALOG_COMPILER_GENERATE_SWIFT_ASSET_SYMBOL_EXTENSIONS = YES;
				CLANG_ANALYZER_NONNULL = YES;
				CLANG_ANALYZER_NUMBER_OBJECT_CONVERSION = YES_AGGRESSIVE;
				CLANG_CXX_LANGUAGE_STANDARD = "gnu++20";
				CLANG_ENABLE_MODULES = YES;
				CLANG_ENABLE_OBJC_ARC = YES;
				CLANG_ENABLE_OBJC_WEAK = YES;
				CLANG_WARN_BLOCK_CAPTURE_AUTORELEASING = YES;
				CLANG_WARN_BOOL_CONVERSION = YES;
				CLANG_WARN_COMMA = YES;
				CLANG_WARN_CONSTANT_CONVERSION = YES;
				CLANG_WARN_DEPRECATED_OBJC_IMPLEMENTATIONS = YES;
				CLANG_WARN_DIRECT_OBJC_ISA_USAGE = YES_ERROR;
				CLANG_WARN_DOCUMENTATION_COMMENTS = YES;
				CLANG_WARN_EMPTY_BODY = YES;
				CLANG_WARN_ENUM_CONVERSION = YES;
				CLANG_WARN_INFINITE_RECURSION = YES;
				CLANG_WARN_INT_CONVERSION = YES;
				CLANG_WARN_NON_LITERAL_NULL_CONVERSION = YES;
				CLANG_WARN_OBJC_IMPLICIT_RETAIN_SELF = YES;
				CLANG_WARN_OBJC_LITERAL_CONVERSION = YES;
				CLANG_WARN_OBJC_ROOT_CLASS = YES_ERROR;
				CLANG_WARN_QUOTED_INCLUDE_IN_FRAMEWORK_HEADER = YES;
				CLANG_WARN_RANGE_LOOP_ANALYSIS = YES;
				CLANG_WARN_STRICT_PROTOTYPES = YES;
				CLANG_WARN_SUSPICIOUS_MOVE = YES;
				CLANG_WARN_UNGUARDED_AVAILABILITY = YES_AGGRESSIVE;
				CLANG_WARN_UNREACHABLE_CODE = YES;
				CLANG_WARN__DUPLICATE_METHOD_MATCH = YES;
				COPY_PHASE_STRIP = NO;
				DEBUG_INFORMATION_FORMAT = "dwarf-with-dsym";
				ENABLE_NS_ASSERTIONS = NO;
				ENABLE_STRICT_OBJC_MSGSEND = YES;
				ENABLE_USER_SCRIPT_SANDBOXING = YES;
				GCC_C_LANGUAGE_STANDARD = gnu17;
				GCC_NO_COMMON_BLOCKS = YES;
				GCC_WARN_64_TO_32_BIT_CONVERSION = YES;
				GCC_WARN_ABOUT_RETURN_TYPE = YES_ERROR;
				GCC_WARN_UNDECLARED_SELECTOR = YES;
				GCC_WARN_UNINITIALIZED_AUTOS = YES_AGGRESSIVE;
				GCC_WARN_UNUSED_FUNCTION = YES;
				GCC_WARN_UNUSED_VARIABLE = YES;
				IPHONEOS_DEPLOYMENT_TARGET = 17.4;
				LOCALIZATION_PREFERS_STRING_CATALOGS = YES;
				MTL_ENABLE_DEBUG_INFO = NO;
				MTL_FAST_MATH = YES;
				SDKROOT = iphoneos;
				SWIFT_COMPILATION_MODE = wholemodule;
				VALIDATE_PRODUCT = YES;
			};
			name = Release;
		};
		F57ADD262BA50FBF00368F3B /* Debug */ = {
			isa = XCBuildConfiguration;
			buildSettings = {
				ASSETCATALOG_COMPILER_APPICON_NAME = AppIcon;
				ASSETCATALOG_COMPILER_GLOBAL_ACCENT_COLOR_NAME = AccentColor;
				CODE_SIGN_STYLE = Automatic;
				CURRENT_PROJECT_VERSION = 1;
				DEVELOPMENT_ASSET_PATHS = "\"ContactList/Preview Content\"";
				ENABLE_PREVIEWS = YES;
				GENERATE_INFOPLIST_FILE = YES;
				INFOPLIST_KEY_UIApplicationSceneManifest_Generation = YES;
				INFOPLIST_KEY_UIApplicationSupportsIndirectInputEvents = YES;
				INFOPLIST_KEY_UILaunchScreen_Generation = YES;
				INFOPLIST_KEY_UISupportedInterfaceOrientations_iPad = "UIInterfaceOrientationPortrait UIInterfaceOrientationPortraitUpsideDown UIInterfaceOrientationLandscapeLeft UIInterfaceOrientationLandscapeRight";
				INFOPLIST_KEY_UISupportedInterfaceOrientations_iPhone = "UIInterfaceOrientationPortrait UIInterfaceOrientationLandscapeLeft UIInterfaceOrientationLandscapeRight";
				LD_RUNPATH_SEARCH_PATHS = (
					"$(inherited)",
					"@executable_path/Frameworks",
				);
				MARKETING_VERSION = 1.0;
				PRODUCT_BUNDLE_IDENTIFIER = "com.example.r-bagaporo.ContactList";
				PRODUCT_NAME = "$(TARGET_NAME)";
				SWIFT_EMIT_LOC_STRINGS = YES;
				SWIFT_VERSION = 5.0;
				TARGETED_DEVICE_FAMILY = "1,2";
			};
			name = Debug;
		};
		F57ADD272BA50FBF00368F3B /* Release */ = {
			isa = XCBuildConfiguration;
			buildSettings = {
				ASSETCATALOG_COMPILER_APPICON_NAME = AppIcon;
				ASSETCATALOG_COMPILER_GLOBAL_ACCENT_COLOR_NAME = AccentColor;
				CODE_SIGN_STYLE = Automatic;
				CURRENT_PROJECT_VERSION = 1;
				DEVELOPMENT_ASSET_PATHS = "\"ContactList/Preview Content\"";
				ENABLE_PREVIEWS = YES;
				GENERATE_INFOPLIST_FILE = YES;
				INFOPLIST_KEY_UIApplicationSceneManifest_Generation = YES;
				INFOPLIST_KEY_UIApplicationSupportsIndirectInputEvents = YES;
				INFOPLIST_KEY_UILaunchScreen_Generation = YES;
				INFOPLIST_KEY_UISupportedInterfaceOrientations_iPad = "UIInterfaceOrientationPortrait UIInterfaceOrientationPortraitUpsideDown UIInterfaceOrientationLandscapeLeft UIInterfaceOrientationLandscapeRight";
				INFOPLIST_KEY_UISupportedInterfaceOrientations_iPhone = "UIInterfaceOrientationPortrait UIInterfaceOrientationLandscapeLeft UIInterfaceOrientationLandscapeRight";
				LD_RUNPATH_SEARCH_PATHS = (
					"$(inherited)",
					"@executable_path/Frameworks",
				);
				MARKETING_VERSION = 1.0;
				PRODUCT_BUNDLE_IDENTIFIER = "com.example.r-bagaporo.ContactList";
				PRODUCT_NAME = "$(TARGET_NAME)";
				SWIFT_EMIT_LOC_STRINGS = YES;
				SWIFT_VERSION = 5.0;
				TARGETED_DEVICE_FAMILY = "1,2";
			};
			name = Release;
		};
/* End XCBuildConfiguration section */

/* Begin XCConfigurationList section */
		F57ADD122BA50FBD00368F3B /* Build configuration list for PBXProject "ContactList" */ = {
			isa = XCConfigurationList;
			buildConfigurations = (
				F57ADD232BA50FBF00368F3B /* Debug */,
				F57ADD242BA50FBF00368F3B /* Release */,
			);
			defaultConfigurationIsVisible = 0;
			defaultConfigurationName = Release;
		};
		F57ADD252BA50FBF00368F3B /* Build configuration list for PBXNativeTarget "ContactList" */ = {
			isa = XCConfigurationList;
			buildConfigurations = (
				F57ADD262BA50FBF00368F3B /* Debug */,
				F57ADD272BA50FBF00368F3B /* Release */,
			);
			defaultConfigurationIsVisible = 0;
			defaultConfigurationName = Release;
		};
/* End XCConfigurationList section */
	};
	rootObject = F57ADD0F2BA50FBD00368F3B /* Project object */;
}
